
Microsoft Visual Studio Solution File, Format Version 12.00
# Visual Studio Version 16
VisualStudioVersion = 16.0.29519.87
MinimumVisualStudioVersion = 15.0.26124.0
Project("{9A19103F-16F7-4668-BE54-9A1E7A4F7556}") = "Common.Transformations", "Common.Transformations\Common.Transformations.csproj", "{7F08D1A5-C5BC-4207-B7A7-1898971308F5}"
EndProject
Project("{2150E333-8FDC-42A3-9474-1A3956D46DE8}") = "UnitTests", "UnitTests", "{46096565-6D97-495B-A321-53D97803B496}"
EndProject
Project("{9A19103F-16F7-4668-BE54-9A1E7A4F7556}") = "Common.Transformations.UnitTests", "Common.Transformations.UnitTests\Common.Transformations.UnitTests.csproj", "{DE431AFE-C87D-479C-B07A-DAC9C7CDDA85}"
EndProject
Project("{2150E333-8FDC-42A3-9474-1A3956D46DE8}") = "Solution Items", "Solution Items", "{5187CE88-997A-49DE-9B5F-6AC80A66CC94}"
	ProjectSection(SolutionItems) = preProject
		README.md = README.md
	EndProjectSection
EndProject
Project("{9A19103F-16F7-4668-BE54-9A1E7A4F7556}") = "Common.Validators", "Common.Validators\Common.Validators.csproj", "{5885BEA1-60A4-46F4-A2B2-936733E0DFFD}"
EndProject
Project("{9A19103F-16F7-4668-BE54-9A1E7A4F7556}") = "Common.Validators.UnitTests", "Common.Validators.UnitTests\Common.Validators.UnitTests.csproj", "{B1BF640A-8CF3-4FF8-A01A-A0DA95D21C70}"
EndProject
Project("{9A19103F-16F7-4668-BE54-9A1E7A4F7556}") = "Common.Maths", "Common.Maths\Common.Maths.csproj", "{7B0FA7E5-E0AD-4DEF-9DC6-AA43B725F4EA}"
EndProject
Project("{9A19103F-16F7-4668-BE54-9A1E7A4F7556}") = "Common.Maths.UnitTests", "Common.Maths.UnitTests\Common.Maths.UnitTests.csproj", "{BE7548F3-1E0F-4AE4-B646-4EE50CC3631D}"
EndProject
Project("{9A19103F-16F7-4668-BE54-9A1E7A4F7556}") = "Common.Data", "Common.Data\Common.Data.csproj", "{B740F844-B263-4D01-922F-6A7D66261BF3}"
EndProject
Project("{9A19103F-16F7-4668-BE54-9A1E7A4F7556}") = "Common.Data.UnitTests", "Common.Data.UnitTests\Common.Data.UnitTests.csproj", "{28DD458D-B894-4A03-A7CD-710F1F0297B7}"
EndProject
Project("{9A19103F-16F7-4668-BE54-9A1E7A4F7556}") = "Common.Calendar", "Common.Calendar\Common.Calendar.csproj", "{1DB21652-5212-46F9-A649-BC2217318B52}"
EndProject
Project("{9A19103F-16F7-4668-BE54-9A1E7A4F7556}") = "Common.Calendar.UnitTests", "Common.Calendar.UnitTests\Common.Calendar.UnitTests.csproj", "{0531C682-0D89-4A5E-8D33-3327BBC10420}"
EndProject
Project("{9A19103F-16F7-4668-BE54-9A1E7A4F7556}") = "Common.PersonBuilder", "Common.PersonBuilder\Common.PersonBuilder.csproj", "{8DFB5C94-21CE-442A-86F9-0B35BE1A15F1}"
EndProject
Project("{9A19103F-16F7-4668-BE54-9A1E7A4F7556}") = "Common.PersonBuilder.UnitTests", "Common.PersonBuilder.UnitTests\Common.PersonBuilder.UnitTests.csproj", "{B582BD15-6A54-47D0-B200-0EB735BF0404}"
EndProject
Project("{2150E333-8FDC-42A3-9474-1A3956D46DE8}") = "Apps", "Apps", "{AD39CD0E-5451-4A15-B675-C31AB5DF7299}"
EndProject
Project("{9A19103F-16F7-4668-BE54-9A1E7A4F7556}") = "Common.NameExtractor", "Common.NameExtractor\Common.NameExtractor.csproj", "{96ADCCB9-2D68-4FDB-BF4E-5531DC869BD2}"
EndProject
Global
	GlobalSection(SolutionConfigurationPlatforms) = preSolution
		Debug|Any CPU = Debug|Any CPU
		Debug|x64 = Debug|x64
		Debug|x86 = Debug|x86
		Release|Any CPU = Release|Any CPU
		Release|x64 = Release|x64
		Release|x86 = Release|x86
	EndGlobalSection
	GlobalSection(ProjectConfigurationPlatforms) = postSolution
		{7F08D1A5-C5BC-4207-B7A7-1898971308F5}.Debug|Any CPU.ActiveCfg = Debug|Any CPU
		{7F08D1A5-C5BC-4207-B7A7-1898971308F5}.Debug|Any CPU.Build.0 = Debug|Any CPU
		{7F08D1A5-C5BC-4207-B7A7-1898971308F5}.Debug|x64.ActiveCfg = Debug|Any CPU
		{7F08D1A5-C5BC-4207-B7A7-1898971308F5}.Debug|x64.Build.0 = Debug|Any CPU
		{7F08D1A5-C5BC-4207-B7A7-1898971308F5}.Debug|x86.ActiveCfg = Debug|Any CPU
		{7F08D1A5-C5BC-4207-B7A7-1898971308F5}.Debug|x86.Build.0 = Debug|Any CPU
		{7F08D1A5-C5BC-4207-B7A7-1898971308F5}.Release|Any CPU.ActiveCfg = Release|Any CPU
		{7F08D1A5-C5BC-4207-B7A7-1898971308F5}.Release|Any CPU.Build.0 = Release|Any CPU
		{7F08D1A5-C5BC-4207-B7A7-1898971308F5}.Release|x64.ActiveCfg = Release|Any CPU
		{7F08D1A5-C5BC-4207-B7A7-1898971308F5}.Release|x64.Build.0 = Release|Any CPU
		{7F08D1A5-C5BC-4207-B7A7-1898971308F5}.Release|x86.ActiveCfg = Release|Any CPU
		{7F08D1A5-C5BC-4207-B7A7-1898971308F5}.Release|x86.Build.0 = Release|Any CPU
		{DE431AFE-C87D-479C-B07A-DAC9C7CDDA85}.Debug|Any CPU.ActiveCfg = Debug|Any CPU
		{DE431AFE-C87D-479C-B07A-DAC9C7CDDA85}.Debug|Any CPU.Build.0 = Debug|Any CPU
		{DE431AFE-C87D-479C-B07A-DAC9C7CDDA85}.Debug|x64.ActiveCfg = Debug|Any CPU
		{DE431AFE-C87D-479C-B07A-DAC9C7CDDA85}.Debug|x64.Build.0 = Debug|Any CPU
		{DE431AFE-C87D-479C-B07A-DAC9C7CDDA85}.Debug|x86.ActiveCfg = Debug|Any CPU
		{DE431AFE-C87D-479C-B07A-DAC9C7CDDA85}.Debug|x86.Build.0 = Debug|Any CPU
		{DE431AFE-C87D-479C-B07A-DAC9C7CDDA85}.Release|Any CPU.ActiveCfg = Release|Any CPU
		{DE431AFE-C87D-479C-B07A-DAC9C7CDDA85}.Release|Any CPU.Build.0 = Release|Any CPU
		{DE431AFE-C87D-479C-B07A-DAC9C7CDDA85}.Release|x64.ActiveCfg = Release|Any CPU
		{DE431AFE-C87D-479C-B07A-DAC9C7CDDA85}.Release|x64.Build.0 = Release|Any CPU
		{DE431AFE-C87D-479C-B07A-DAC9C7CDDA85}.Release|x86.ActiveCfg = Release|Any CPU
		{DE431AFE-C87D-479C-B07A-DAC9C7CDDA85}.Release|x86.Build.0 = Release|Any CPU
		{5885BEA1-60A4-46F4-A2B2-936733E0DFFD}.Debug|Any CPU.ActiveCfg = Debug|Any CPU
		{5885BEA1-60A4-46F4-A2B2-936733E0DFFD}.Debug|Any CPU.Build.0 = Debug|Any CPU
		{5885BEA1-60A4-46F4-A2B2-936733E0DFFD}.Debug|x64.ActiveCfg = Debug|Any CPU
		{5885BEA1-60A4-46F4-A2B2-936733E0DFFD}.Debug|x64.Build.0 = Debug|Any CPU
		{5885BEA1-60A4-46F4-A2B2-936733E0DFFD}.Debug|x86.ActiveCfg = Debug|Any CPU
		{5885BEA1-60A4-46F4-A2B2-936733E0DFFD}.Debug|x86.Build.0 = Debug|Any CPU
		{5885BEA1-60A4-46F4-A2B2-936733E0DFFD}.Release|Any CPU.ActiveCfg = Release|Any CPU
		{5885BEA1-60A4-46F4-A2B2-936733E0DFFD}.Release|Any CPU.Build.0 = Release|Any CPU
		{5885BEA1-60A4-46F4-A2B2-936733E0DFFD}.Release|x64.ActiveCfg = Release|Any CPU
		{5885BEA1-60A4-46F4-A2B2-936733E0DFFD}.Release|x64.Build.0 = Release|Any CPU
		{5885BEA1-60A4-46F4-A2B2-936733E0DFFD}.Release|x86.ActiveCfg = Release|Any CPU
		{5885BEA1-60A4-46F4-A2B2-936733E0DFFD}.Release|x86.Build.0 = Release|Any CPU
		{B1BF640A-8CF3-4FF8-A01A-A0DA95D21C70}.Debug|Any CPU.ActiveCfg = Debug|Any CPU
		{B1BF640A-8CF3-4FF8-A01A-A0DA95D21C70}.Debug|Any CPU.Build.0 = Debug|Any CPU
		{B1BF640A-8CF3-4FF8-A01A-A0DA95D21C70}.Debug|x64.ActiveCfg = Debug|Any CPU
		{B1BF640A-8CF3-4FF8-A01A-A0DA95D21C70}.Debug|x64.Build.0 = Debug|Any CPU
		{B1BF640A-8CF3-4FF8-A01A-A0DA95D21C70}.Debug|x86.ActiveCfg = Debug|Any CPU
		{B1BF640A-8CF3-4FF8-A01A-A0DA95D21C70}.Debug|x86.Build.0 = Debug|Any CPU
		{B1BF640A-8CF3-4FF8-A01A-A0DA95D21C70}.Release|Any CPU.ActiveCfg = Release|Any CPU
		{B1BF640A-8CF3-4FF8-A01A-A0DA95D21C70}.Release|Any CPU.Build.0 = Release|Any CPU
		{B1BF640A-8CF3-4FF8-A01A-A0DA95D21C70}.Release|x64.ActiveCfg = Release|Any CPU
		{B1BF640A-8CF3-4FF8-A01A-A0DA95D21C70}.Release|x64.Build.0 = Release|Any CPU
		{B1BF640A-8CF3-4FF8-A01A-A0DA95D21C70}.Release|x86.ActiveCfg = Release|Any CPU
		{B1BF640A-8CF3-4FF8-A01A-A0DA95D21C70}.Release|x86.Build.0 = Release|Any CPU
		{7B0FA7E5-E0AD-4DEF-9DC6-AA43B725F4EA}.Debug|Any CPU.ActiveCfg = Debug|Any CPU
		{7B0FA7E5-E0AD-4DEF-9DC6-AA43B725F4EA}.Debug|Any CPU.Build.0 = Debug|Any CPU
		{7B0FA7E5-E0AD-4DEF-9DC6-AA43B725F4EA}.Debug|x64.ActiveCfg = Debug|Any CPU
		{7B0FA7E5-E0AD-4DEF-9DC6-AA43B725F4EA}.Debug|x64.Build.0 = Debug|Any CPU
		{7B0FA7E5-E0AD-4DEF-9DC6-AA43B725F4EA}.Debug|x86.ActiveCfg = Debug|Any CPU
		{7B0FA7E5-E0AD-4DEF-9DC6-AA43B725F4EA}.Debug|x86.Build.0 = Debug|Any CPU
		{7B0FA7E5-E0AD-4DEF-9DC6-AA43B725F4EA}.Release|Any CPU.ActiveCfg = Release|Any CPU
		{7B0FA7E5-E0AD-4DEF-9DC6-AA43B725F4EA}.Release|Any CPU.Build.0 = Release|Any CPU
		{7B0FA7E5-E0AD-4DEF-9DC6-AA43B725F4EA}.Release|x64.ActiveCfg = Release|Any CPU
		{7B0FA7E5-E0AD-4DEF-9DC6-AA43B725F4EA}.Release|x64.Build.0 = Release|Any CPU
		{7B0FA7E5-E0AD-4DEF-9DC6-AA43B725F4EA}.Release|x86.ActiveCfg = Release|Any CPU
		{7B0FA7E5-E0AD-4DEF-9DC6-AA43B725F4EA}.Release|x86.Build.0 = Release|Any CPU
		{BE7548F3-1E0F-4AE4-B646-4EE50CC3631D}.Debug|Any CPU.ActiveCfg = Debug|Any CPU
		{BE7548F3-1E0F-4AE4-B646-4EE50CC3631D}.Debug|Any CPU.Build.0 = Debug|Any CPU
		{BE7548F3-1E0F-4AE4-B646-4EE50CC3631D}.Debug|x64.ActiveCfg = Debug|Any CPU
		{BE7548F3-1E0F-4AE4-B646-4EE50CC3631D}.Debug|x64.Build.0 = Debug|Any CPU
		{BE7548F3-1E0F-4AE4-B646-4EE50CC3631D}.Debug|x86.ActiveCfg = Debug|Any CPU
		{BE7548F3-1E0F-4AE4-B646-4EE50CC3631D}.Debug|x86.Build.0 = Debug|Any CPU
		{BE7548F3-1E0F-4AE4-B646-4EE50CC3631D}.Release|Any CPU.ActiveCfg = Release|Any CPU
		{BE7548F3-1E0F-4AE4-B646-4EE50CC3631D}.Release|Any CPU.Build.0 = Release|Any CPU
		{BE7548F3-1E0F-4AE4-B646-4EE50CC3631D}.Release|x64.ActiveCfg = Release|Any CPU
		{BE7548F3-1E0F-4AE4-B646-4EE50CC3631D}.Release|x64.Build.0 = Release|Any CPU
		{BE7548F3-1E0F-4AE4-B646-4EE50CC3631D}.Release|x86.ActiveCfg = Release|Any CPU
		{BE7548F3-1E0F-4AE4-B646-4EE50CC3631D}.Release|x86.Build.0 = Release|Any CPU
		{B740F844-B263-4D01-922F-6A7D66261BF3}.Debug|Any CPU.ActiveCfg = Debug|Any CPU
		{B740F844-B263-4D01-922F-6A7D66261BF3}.Debug|Any CPU.Build.0 = Debug|Any CPU
		{B740F844-B263-4D01-922F-6A7D66261BF3}.Debug|x64.ActiveCfg = Debug|Any CPU
		{B740F844-B263-4D01-922F-6A7D66261BF3}.Debug|x64.Build.0 = Debug|Any CPU
		{B740F844-B263-4D01-922F-6A7D66261BF3}.Debug|x86.ActiveCfg = Debug|Any CPU
		{B740F844-B263-4D01-922F-6A7D66261BF3}.Debug|x86.Build.0 = Debug|Any CPU
		{B740F844-B263-4D01-922F-6A7D66261BF3}.Release|Any CPU.ActiveCfg = Release|Any CPU
		{B740F844-B263-4D01-922F-6A7D66261BF3}.Release|Any CPU.Build.0 = Release|Any CPU
		{B740F844-B263-4D01-922F-6A7D66261BF3}.Release|x64.ActiveCfg = Release|Any CPU
		{B740F844-B263-4D01-922F-6A7D66261BF3}.Release|x64.Build.0 = Release|Any CPU
		{B740F844-B263-4D01-922F-6A7D66261BF3}.Release|x86.ActiveCfg = Release|Any CPU
		{B740F844-B263-4D01-922F-6A7D66261BF3}.Release|x86.Build.0 = Release|Any CPU
		{28DD458D-B894-4A03-A7CD-710F1F0297B7}.Debug|Any CPU.ActiveCfg = Debug|Any CPU
		{28DD458D-B894-4A03-A7CD-710F1F0297B7}.Debug|Any CPU.Build.0 = Debug|Any CPU
		{28DD458D-B894-4A03-A7CD-710F1F0297B7}.Debug|x64.ActiveCfg = Debug|Any CPU
		{28DD458D-B894-4A03-A7CD-710F1F0297B7}.Debug|x64.Build.0 = Debug|Any CPU
		{28DD458D-B894-4A03-A7CD-710F1F0297B7}.Debug|x86.ActiveCfg = Debug|Any CPU
		{28DD458D-B894-4A03-A7CD-710F1F0297B7}.Debug|x86.Build.0 = Debug|Any CPU
		{28DD458D-B894-4A03-A7CD-710F1F0297B7}.Release|Any CPU.ActiveCfg = Release|Any CPU
		{28DD458D-B894-4A03-A7CD-710F1F0297B7}.Release|Any CPU.Build.0 = Release|Any CPU
		{28DD458D-B894-4A03-A7CD-710F1F0297B7}.Release|x64.ActiveCfg = Release|Any CPU
		{28DD458D-B894-4A03-A7CD-710F1F0297B7}.Release|x64.Build.0 = Release|Any CPU
		{28DD458D-B894-4A03-A7CD-710F1F0297B7}.Release|x86.ActiveCfg = Release|Any CPU
		{28DD458D-B894-4A03-A7CD-710F1F0297B7}.Release|x86.Build.0 = Release|Any CPU
		{1DB21652-5212-46F9-A649-BC2217318B52}.Debug|Any CPU.ActiveCfg = Debug|Any CPU
		{1DB21652-5212-46F9-A649-BC2217318B52}.Debug|Any CPU.Build.0 = Debug|Any CPU
		{1DB21652-5212-46F9-A649-BC2217318B52}.Debug|x64.ActiveCfg = Debug|Any CPU
		{1DB21652-5212-46F9-A649-BC2217318B52}.Debug|x64.Build.0 = Debug|Any CPU
		{1DB21652-5212-46F9-A649-BC2217318B52}.Debug|x86.ActiveCfg = Debug|Any CPU
		{1DB21652-5212-46F9-A649-BC2217318B52}.Debug|x86.Build.0 = Debug|Any CPU
		{1DB21652-5212-46F9-A649-BC2217318B52}.Release|Any CPU.ActiveCfg = Release|Any CPU
		{1DB21652-5212-46F9-A649-BC2217318B52}.Release|Any CPU.Build.0 = Release|Any CPU
		{1DB21652-5212-46F9-A649-BC2217318B52}.Release|x64.ActiveCfg = Release|Any CPU
		{1DB21652-5212-46F9-A649-BC2217318B52}.Release|x64.Build.0 = Release|Any CPU
		{1DB21652-5212-46F9-A649-BC2217318B52}.Release|x86.ActiveCfg = Release|Any CPU
		{1DB21652-5212-46F9-A649-BC2217318B52}.Release|x86.Build.0 = Release|Any CPU
		{0531C682-0D89-4A5E-8D33-3327BBC10420}.Debug|Any CPU.ActiveCfg = Debug|Any CPU
		{0531C682-0D89-4A5E-8D33-3327BBC10420}.Debug|Any CPU.Build.0 = Debug|Any CPU
		{0531C682-0D89-4A5E-8D33-3327BBC10420}.Debug|x64.ActiveCfg = Debug|Any CPU
		{0531C682-0D89-4A5E-8D33-3327BBC10420}.Debug|x64.Build.0 = Debug|Any CPU
		{0531C682-0D89-4A5E-8D33-3327BBC10420}.Debug|x86.ActiveCfg = Debug|Any CPU
		{0531C682-0D89-4A5E-8D33-3327BBC10420}.Debug|x86.Build.0 = Debug|Any CPU
		{0531C682-0D89-4A5E-8D33-3327BBC10420}.Release|Any CPU.ActiveCfg = Release|Any CPU
		{0531C682-0D89-4A5E-8D33-3327BBC10420}.Release|Any CPU.Build.0 = Release|Any CPU
		{0531C682-0D89-4A5E-8D33-3327BBC10420}.Release|x64.ActiveCfg = Release|Any CPU
		{0531C682-0D89-4A5E-8D33-3327BBC10420}.Release|x64.Build.0 = Release|Any CPU
		{0531C682-0D89-4A5E-8D33-3327BBC10420}.Release|x86.ActiveCfg = Release|Any CPU
		{0531C682-0D89-4A5E-8D33-3327BBC10420}.Release|x86.Build.0 = Release|Any CPU
		{8DFB5C94-21CE-442A-86F9-0B35BE1A15F1}.Debug|Any CPU.ActiveCfg = Debug|Any CPU
		{8DFB5C94-21CE-442A-86F9-0B35BE1A15F1}.Debug|Any CPU.Build.0 = Debug|Any CPU
		{8DFB5C94-21CE-442A-86F9-0B35BE1A15F1}.Debug|x64.ActiveCfg = Debug|Any CPU
		{8DFB5C94-21CE-442A-86F9-0B35BE1A15F1}.Debug|x64.Build.0 = Debug|Any CPU
		{8DFB5C94-21CE-442A-86F9-0B35BE1A15F1}.Debug|x86.ActiveCfg = Debug|Any CPU
		{8DFB5C94-21CE-442A-86F9-0B35BE1A15F1}.Debug|x86.Build.0 = Debug|Any CPU
		{8DFB5C94-21CE-442A-86F9-0B35BE1A15F1}.Release|Any CPU.ActiveCfg = Release|Any CPU
		{8DFB5C94-21CE-442A-86F9-0B35BE1A15F1}.Release|Any CPU.Build.0 = Release|Any CPU
		{8DFB5C94-21CE-442A-86F9-0B35BE1A15F1}.Release|x64.ActiveCfg = Release|Any CPU
		{8DFB5C94-21CE-442A-86F9-0B35BE1A15F1}.Release|x64.Build.0 = Release|Any CPU
		{8DFB5C94-21CE-442A-86F9-0B35BE1A15F1}.Release|x86.ActiveCfg = Release|Any CPU
		{8DFB5C94-21CE-442A-86F9-0B35BE1A15F1}.Release|x86.Build.0 = Release|Any CPU
		{B582BD15-6A54-47D0-B200-0EB735BF0404}.Debug|Any CPU.ActiveCfg = Debug|Any CPU
		{B582BD15-6A54-47D0-B200-0EB735BF0404}.Debug|Any CPU.Build.0 = Debug|Any CPU
		{B582BD15-6A54-47D0-B200-0EB735BF0404}.Debug|x64.ActiveCfg = Debug|Any CPU
		{B582BD15-6A54-47D0-B200-0EB735BF0404}.Debug|x64.Build.0 = Debug|Any CPU
		{B582BD15-6A54-47D0-B200-0EB735BF0404}.Debug|x86.ActiveCfg = Debug|Any CPU
		{B582BD15-6A54-47D0-B200-0EB735BF0404}.Debug|x86.Build.0 = Debug|Any CPU
		{B582BD15-6A54-47D0-B200-0EB735BF0404}.Release|Any CPU.ActiveCfg = Release|Any CPU
		{B582BD15-6A54-47D0-B200-0EB735BF0404}.Release|Any CPU.Build.0 = Release|Any CPU
		{B582BD15-6A54-47D0-B200-0EB735BF0404}.Release|x64.ActiveCfg = Release|Any CPU
		{B582BD15-6A54-47D0-B200-0EB735BF0404}.Release|x64.Build.0 = Release|Any CPU
		{B582BD15-6A54-47D0-B200-0EB735BF0404}.Release|x86.ActiveCfg = Release|Any CPU
		{B582BD15-6A54-47D0-B200-0EB735BF0404}.Release|x86.Build.0 = Release|Any CPU
		{96ADCCB9-2D68-4FDB-BF4E-5531DC869BD2}.Debug|Any CPU.ActiveCfg = Debug|Any CPU
		{96ADCCB9-2D68-4FDB-BF4E-5531DC869BD2}.Debug|Any CPU.Build.0 = Debug|Any CPU
		{96ADCCB9-2D68-4FDB-BF4E-5531DC869BD2}.Debug|x64.ActiveCfg = Debug|Any CPU
		{96ADCCB9-2D68-4FDB-BF4E-5531DC869BD2}.Debug|x64.Build.0 = Debug|Any CPU
		{96ADCCB9-2D68-4FDB-BF4E-5531DC869BD2}.Debug|x86.ActiveCfg = Debug|Any CPU
		{96ADCCB9-2D68-4FDB-BF4E-5531DC869BD2}.Debug|x86.Build.0 = Debug|Any CPU
		{96ADCCB9-2D68-4FDB-BF4E-5531DC869BD2}.Release|Any CPU.ActiveCfg = Release|Any CPU
		{96ADCCB9-2D68-4FDB-BF4E-5531DC869BD2}.Release|Any CPU.Build.0 = Release|Any CPU
		{96ADCCB9-2D68-4FDB-BF4E-5531DC869BD2}.Release|x64.ActiveCfg = Release|Any CPU
		{96ADCCB9-2D68-4FDB-BF4E-5531DC869BD2}.Release|x64.Build.0 = Release|Any CPU
		{96ADCCB9-2D68-4FDB-BF4E-5531DC869BD2}.Release|x86.ActiveCfg = Release|Any CPU
		{96ADCCB9-2D68-4FDB-BF4E-5531DC869BD2}.Release|x86.Build.0 = Release|Any CPU
	EndGlobalSection
	GlobalSection(SolutionProperties) = preSolution
		HideSolutionNode = FALSE
	EndGlobalSection
	GlobalSection(NestedProjects) = preSolution
		{DE431AFE-C87D-479C-B07A-DAC9C7CDDA85} = {46096565-6D97-495B-A321-53D97803B496}
		{B1BF640A-8CF3-4FF8-A01A-A0DA95D21C70} = {46096565-6D97-495B-A321-53D97803B496}
		{BE7548F3-1E0F-4AE4-B646-4EE50CC3631D} = {46096565-6D97-495B-A321-53D97803B496}
		{28DD458D-B894-4A03-A7CD-710F1F0297B7} = {46096565-6D97-495B-A321-53D97803B496}
		{0531C682-0D89-4A5E-8D33-3327BBC10420} = {46096565-6D97-495B-A321-53D97803B496}
		{B582BD15-6A54-47D0-B200-0EB735BF0404} = {46096565-6D97-495B-A321-53D97803B496}
		{96ADCCB9-2D68-4FDB-BF4E-5531DC869BD2} = {AD39CD0E-5451-4A15-B675-C31AB5DF7299}
	EndGlobalSection
	GlobalSection(ExtensibilityGlobals) = postSolution
		SolutionGuid = {4898C5B9-C810-47A7-88D1-24696CF1826E}
	EndGlobalSection
EndGlobal
